
Microsoft Visual Studio Solution File, Format Version 12.00
# Visual Studio 15
Project("{FAE04EC0-301F-11D3-BF4B-00C04F79EFBC}") = "project-nes", "project-nes\project-nes.csproj", "{69F7735C-0F17-4CF8-8B95-3A644DA32123}"
EndProject
Global
	GlobalSection(SolutionConfigurationPlatforms) = preSolution
		Debug|Any CPU = Debug|Any CPU
		Release|Any CPU = Release|Any CPU
	EndGlobalSection
	GlobalSection(ProjectConfigurationPlatforms) = postSolution
		{69F7735C-0F17-4CF8-8B95-3A644DA32123}.Debug|Any CPU.ActiveCfg = Debug|Any CPU
		{69F7735C-0F17-4CF8-8B95-3A644DA32123}.Debug|Any CPU.Build.0 = Debug|Any CPU
		{69F7735C-0F17-4CF8-8B95-3A644DA32123}.Release|Any CPU.ActiveCfg = Release|Any CPU
		{69F7735C-0F17-4CF8-8B95-3A644DA32123}.Release|Any CPU.Build.0 = Release|Any CPU
	EndGlobalSection
EndGlobal
